
Microsoft Visual Studio Solution File, Format Version 12.00
# Visual Studio 15
Project("{FAE04EC0-301F-11D3-BF4B-00C04F79EFBC}") = "Assembly-CSharp", "Assembly-CSharp.csproj", "{C60D5259-6248-2640-321B-A70C362C55DE}"
EndProject
Project("{FAE04EC0-301F-11D3-BF4B-00C04F79EFBC}") = "Assembly-CSharp-Editor", "Assembly-CSharp-Editor.csproj", "{0C6E0699-3BCD-B1A9-6AAB-1AF065C0ACEB}"
EndProject
Global
	GlobalSection(SolutionConfigurationPlatforms) = preSolution
		Debug|Any CPU = Debug|Any CPU
		Release|Any CPU = Release|Any CPU
	EndGlobalSection
	GlobalSection(ProjectConfigurationPlatforms) = postSolution
		{C60D5259-6248-2640-321B-A70C362C55DE}.Debug|Any CPU.ActiveCfg = Debug|Any CPU
		{C60D5259-6248-2640-321B-A70C362C55DE}.Debug|Any CPU.Build.0 = Debug|Any CPU
		{C60D5259-6248-2640-321B-A70C362C55DE}.Release|Any CPU.ActiveCfg = Release|Any CPU
		{C60D5259-6248-2640-321B-A70C362C55DE}.Release|Any CPU.Build.0 = Release|Any CPU
		{0C6E0699-3BCD-B1A9-6AAB-1AF065C0ACEB}.Debug|Any CPU.ActiveCfg = Debug|Any CPU
		{0C6E0699-3BCD-B1A9-6AAB-1AF065C0ACEB}.Debug|Any CPU.Build.0 = Debug|Any CPU
		{0C6E0699-3BCD-B1A9-6AAB-1AF065C0ACEB}.Release|Any CPU.ActiveCfg = Release|Any CPU
		{0C6E0699-3BCD-B1A9-6AAB-1AF065C0ACEB}.Release|Any CPU.Build.0 = Release|Any CPU
	EndGlobalSection
	GlobalSection(SolutionProperties) = preSolution
		HideSolutionNode = FALSE
	EndGlobalSection
EndGlobal
